// !$*UTF8*$!
{
	archiveVersion = 1;
	classes = {
	};
	objectVersion = 77;
	objects = {

/* Begin PBXBuildFile section */
		7F088AEF2D1AB23E00503AA6 /* GoogleSignIn in Frameworks */ = {isa = PBXBuildFile; productRef = 7F088AEE2D1AB23E00503AA6 /* GoogleSignIn */; };
		7F088AF12D1AB23E00503AA6 /* GoogleSignInSwift in Frameworks */ = {isa = PBXBuildFile; productRef = 7F088AF02D1AB23E00503AA6 /* GoogleSignInSwift */; };
		7F088AF42D1AB28C00503AA6 /* GoogleAPIClientForREST_Drive in Frameworks */ = {isa = PBXBuildFile; productRef = 7F088AF32D1AB28C00503AA6 /* GoogleAPIClientForREST_Drive */; };
		7F088AF62D1AB28C00503AA6 /* GoogleAPIClientForREST_Sheets in Frameworks */ = {isa = PBXBuildFile; productRef = 7F088AF52D1AB28C00503AA6 /* GoogleAPIClientForREST_Sheets */; };
		7F5899252D196C2300A8F9E3 /* GoogleSignIn in Frameworks */ = {isa = PBXBuildFile; productRef = 7F5899242D196C2300A8F9E3 /* GoogleSignIn */; };
		7F5899272D196C2300A8F9E3 /* GoogleSignInSwift in Frameworks */ = {isa = PBXBuildFile; productRef = 7F5899262D196C2300A8F9E3 /* GoogleSignInSwift */; };
		7F62338F2D19C8E9005BF1FC /* GoogleSignIn in Frameworks */ = {isa = PBXBuildFile; productRef = 7F62338E2D19C8E9005BF1FC /* GoogleSignIn */; };
		7F6233912D19C8E9005BF1FC /* GoogleSignInSwift in Frameworks */ = {isa = PBXBuildFile; productRef = 7F6233902D19C8E9005BF1FC /* GoogleSignInSwift */; };
		7FDA3DAE2D19C7B20038BF7C /* GoogleSignIn in Frameworks */ = {isa = PBXBuildFile; productRef = 7FDA3DAD2D19C7B20038BF7C /* GoogleSignIn */; };
		7FDA3DB02D19C7B20038BF7C /* GoogleSignInSwift in Frameworks */ = {isa = PBXBuildFile; productRef = 7FDA3DAF2D19C7B20038BF7C /* GoogleSignInSwift */; };
/* End PBXBuildFile section */

/* Begin PBXContainerItemProxy section */
		7F0F9F512D18AB6A00AAE312 /* PBXContainerItemProxy */ = {
			isa = PBXContainerItemProxy;
			containerPortal = 7F0F9F382D18AB6800AAE312 /* Project object */;
			proxyType = 1;
			remoteGlobalIDString = 7F0F9F3F2D18AB6800AAE312;
			remoteInfo = ReceiptVault;
		};
		7F0F9F5B2D18AB6A00AAE312 /* PBXContainerItemProxy */ = {
			isa = PBXContainerItemProxy;
			containerPortal = 7F0F9F382D18AB6800AAE312 /* Project object */;
			proxyType = 1;
			remoteGlobalIDString = 7F0F9F3F2D18AB6800AAE312;
			remoteInfo = ReceiptVault;
		};
/* End PBXContainerItemProxy section */

/* Begin PBXFileReference section */
		7F0F9F402D18AB6800AAE312 /* ReceiptVault.app */ = {isa = PBXFileReference; explicitFileType = wrapper.application; includeInIndex = 0; path = ReceiptVault.app; sourceTree = BUILT_PRODUCTS_DIR; };
		7F0F9F502D18AB6A00AAE312 /* ReceiptVaultTests.xctest */ = {isa = PBXFileReference; explicitFileType = wrapper.cfbundle; includeInIndex = 0; path = ReceiptVaultTests.xctest; sourceTree = BUILT_PRODUCTS_DIR; };
		7F0F9F5A2D18AB6A00AAE312 /* ReceiptVaultUITests.xctest */ = {isa = PBXFileReference; explicitFileType = wrapper.cfbundle; includeInIndex = 0; path = ReceiptVaultUITests.xctest; sourceTree = BUILT_PRODUCTS_DIR; };
/* End PBXFileReference section */

/* Begin PBXFileSystemSynchronizedBuildFileExceptionSet section */
		7F0F9F852D18AD4800AAE312 /* Exceptions for "ReceiptVault" folder in "ReceiptVault" target */ = {
			isa = PBXFileSystemSynchronizedBuildFileExceptionSet;
			membershipExceptions = (
				Info.plist,
			);
			target = 7F0F9F3F2D18AB6800AAE312 /* ReceiptVault */;
		};
/* End PBXFileSystemSynchronizedBuildFileExceptionSet section */

/* Begin PBXFileSystemSynchronizedRootGroup section */
		7F0F9F422D18AB6800AAE312 /* ReceiptVault */ = {
			isa = PBXFileSystemSynchronizedRootGroup;
			exceptions = (
				7F0F9F852D18AD4800AAE312 /* Exceptions for "ReceiptVault" folder in "ReceiptVault" target */,
			);
			path = ReceiptVault;
			sourceTree = "<group>";
		};
		7F0F9F532D18AB6A00AAE312 /* ReceiptVaultTests */ = {
			isa = PBXFileSystemSynchronizedRootGroup;
			path = ReceiptVaultTests;
			sourceTree = "<group>";
		};
		7F0F9F5D2D18AB6A00AAE312 /* ReceiptVaultUITests */ = {
			isa = PBXFileSystemSynchronizedRootGroup;
			path = ReceiptVaultUITests;
			sourceTree = "<group>";
		};
/* End PBXFileSystemSynchronizedRootGroup section */

/* Begin PBXFrameworksBuildPhase section */
		7F0F9F3D2D18AB6800AAE312 /* Frameworks */ = {
			isa = PBXFrameworksBuildPhase;
			buildActionMask = 2147483647;
			files = (
				7F62338F2D19C8E9005BF1FC /* GoogleSignIn in Frameworks */,
				7F5899252D196C2300A8F9E3 /* GoogleSignIn in Frameworks */,
				7F5899272D196C2300A8F9E3 /* GoogleSignInSwift in Frameworks */,
				7F088AF42D1AB28C00503AA6 /* GoogleAPIClientForREST_Drive in Frameworks */,
				7F088AF12D1AB23E00503AA6 /* GoogleSignInSwift in Frameworks */,
				7F6233912D19C8E9005BF1FC /* GoogleSignInSwift in Frameworks */,
				7FDA3DAE2D19C7B20038BF7C /* GoogleSignIn in Frameworks */,
				7FDA3DB02D19C7B20038BF7C /* GoogleSignInSwift in Frameworks */,
				7F088AEF2D1AB23E00503AA6 /* GoogleSignIn in Frameworks */,
				7F088AF62D1AB28C00503AA6 /* GoogleAPIClientForREST_Sheets in Frameworks */,
			);
			runOnlyForDeploymentPostprocessing = 0;
		};
		7F0F9F4D2D18AB6A00AAE312 /* Frameworks */ = {
			isa = PBXFrameworksBuildPhase;
			buildActionMask = 2147483647;
			files = (
			);
			runOnlyForDeploymentPostprocessing = 0;
		};
		7F0F9F572D18AB6A00AAE312 /* Frameworks */ = {
			isa = PBXFrameworksBuildPhase;
			buildActionMask = 2147483647;
			files = (
			);
			runOnlyForDeploymentPostprocessing = 0;
		};
/* End PBXFrameworksBuildPhase section */

/* Begin PBXGroup section */
		42AD67A5972D7A99CF437C3B /* Pods */ = {
			isa = PBXGroup;
			children = (
			);
			path = Pods;
			sourceTree = "<group>";
		};
		7F0F9F372D18AB6800AAE312 = {
			isa = PBXGroup;
			children = (
				7F0F9F422D18AB6800AAE312 /* ReceiptVault */,
				7F0F9F532D18AB6A00AAE312 /* ReceiptVaultTests */,
				7F0F9F5D2D18AB6A00AAE312 /* ReceiptVaultUITests */,
				7F0F9F412D18AB6800AAE312 /* Products */,
				42AD67A5972D7A99CF437C3B /* Pods */,
			);
			sourceTree = "<group>";
		};
		7F0F9F412D18AB6800AAE312 /* Products */ = {
			isa = PBXGroup;
			children = (
				7F0F9F402D18AB6800AAE312 /* ReceiptVault.app */,
				7F0F9F502D18AB6A00AAE312 /* ReceiptVaultTests.xctest */,
				7F0F9F5A2D18AB6A00AAE312 /* ReceiptVaultUITests.xctest */,
			);
			name = Products;
			sourceTree = "<group>";
		};
/* End PBXGroup section */

/* Begin PBXNativeTarget section */
		7F0F9F3F2D18AB6800AAE312 /* ReceiptVault */ = {
			isa = PBXNativeTarget;
			buildConfigurationList = 7F0F9F642D18AB6A00AAE312 /* Build configuration list for PBXNativeTarget "ReceiptVault" */;
			buildPhases = (
				7F0F9F3C2D18AB6800AAE312 /* Sources */,
				7F0F9F3D2D18AB6800AAE312 /* Frameworks */,
				7F0F9F3E2D18AB6800AAE312 /* Resources */,
			);
			buildRules = (
			);
			dependencies = (
			);
			fileSystemSynchronizedGroups = (
				7F0F9F422D18AB6800AAE312 /* ReceiptVault */,
			);
			name = ReceiptVault;
			productName = ReceiptVault;
			productReference = 7F0F9F402D18AB6800AAE312 /* ReceiptVault.app */;
			productType = "com.apple.product-type.application";
		};
		7F0F9F4F2D18AB6A00AAE312 /* ReceiptVaultTests */ = {
			isa = PBXNativeTarget;
			buildConfigurationList = 7F0F9F672D18AB6A00AAE312 /* Build configuration list for PBXNativeTarget "ReceiptVaultTests" */;
			buildPhases = (
				7F0F9F4C2D18AB6A00AAE312 /* Sources */,
				7F0F9F4D2D18AB6A00AAE312 /* Frameworks */,
				7F0F9F4E2D18AB6A00AAE312 /* Resources */,
			);
			buildRules = (
			);
			dependencies = (
				7F0F9F522D18AB6A00AAE312 /* PBXTargetDependency */,
			);
			fileSystemSynchronizedGroups = (
				7F0F9F532D18AB6A00AAE312 /* ReceiptVaultTests */,
			);
			name = ReceiptVaultTests;
			productName = ReceiptVaultTests;
			productReference = 7F0F9F502D18AB6A00AAE312 /* ReceiptVaultTests.xctest */;
			productType = "com.apple.product-type.bundle.unit-test";
		};
		7F0F9F592D18AB6A00AAE312 /* ReceiptVaultUITests */ = {
			isa = PBXNativeTarget;
			buildConfigurationList = 7F0F9F6A2D18AB6A00AAE312 /* Build configuration list for PBXNativeTarget "ReceiptVaultUITests" */;
			buildPhases = (
				7F0F9F562D18AB6A00AAE312 /* Sources */,
				7F0F9F572D18AB6A00AAE312 /* Frameworks */,
				7F0F9F582D18AB6A00AAE312 /* Resources */,
			);
			buildRules = (
			);
			dependencies = (
				7F0F9F5C2D18AB6A00AAE312 /* PBXTargetDependency */,
			);
			fileSystemSynchronizedGroups = (
				7F0F9F5D2D18AB6A00AAE312 /* ReceiptVaultUITests */,
			);
			name = ReceiptVaultUITests;
			productName = ReceiptVaultUITests;
			productReference = 7F0F9F5A2D18AB6A00AAE312 /* ReceiptVaultUITests.xctest */;
			productType = "com.apple.product-type.bundle.ui-testing";
		};
/* End PBXNativeTarget section */

/* Begin PBXProject section */
		7F0F9F382D18AB6800AAE312 /* Project object */ = {
			isa = PBXProject;
			attributes = {
				BuildIndependentTargetsInParallel = 1;
				LastSwiftUpdateCheck = 1600;
				LastUpgradeCheck = 1600;
				TargetAttributes = {
					7F0F9F3F2D18AB6800AAE312 = {
						CreatedOnToolsVersion = 16.0;
					};
					7F0F9F4F2D18AB6A00AAE312 = {
						CreatedOnToolsVersion = 16.0;
						TestTargetID = 7F0F9F3F2D18AB6800AAE312;
					};
					7F0F9F592D18AB6A00AAE312 = {
						CreatedOnToolsVersion = 16.0;
						TestTargetID = 7F0F9F3F2D18AB6800AAE312;
					};
				};
			};
			buildConfigurationList = 7F0F9F3B2D18AB6800AAE312 /* Build configuration list for PBXProject "ReceiptVault" */;
			developmentRegion = en;
			hasScannedForEncodings = 0;
			knownRegions = (
				en,
				Base,
			);
			mainGroup = 7F0F9F372D18AB6800AAE312;
			minimizedProjectReferenceProxies = 1;
			packageReferences = (
				7F5899222D196A4200A8F9E3 /* XCRemoteSwiftPackageReference "swift-algorithms" */,
				7F088AED2D1AB23E00503AA6 /* XCLocalSwiftPackageReference "../GoogleDependencies/GoogleSignIn-iOS" */,
				7F088AF22D1AB28C00503AA6 /* XCLocalSwiftPackageReference "../GoogleDependencies/google-api-objectivec-client-for-rest" */,
			);
			preferredProjectObjectVersion = 77;
			productRefGroup = 7F0F9F412D18AB6800AAE312 /* Products */;
			projectDirPath = "";
			projectRoot = "";
			targets = (
				7F0F9F3F2D18AB6800AAE312 /* ReceiptVault */,
				7F0F9F4F2D18AB6A00AAE312 /* ReceiptVaultTests */,
				7F0F9F592D18AB6A00AAE312 /* ReceiptVaultUITests */,
			);
		};
/* End PBXProject section */

/* Begin PBXResourcesBuildPhase section */
		7F0F9F3E2D18AB6800AAE312 /* Resources */ = {
			isa = PBXResourcesBuildPhase;
			buildActionMask = 2147483647;
			files = (
			);
			runOnlyForDeploymentPostprocessing = 0;
		};
		7F0F9F4E2D18AB6A00AAE312 /* Resources */ = {
			isa = PBXResourcesBuildPhase;
			buildActionMask = 2147483647;
			files = (
			);
			runOnlyForDeploymentPostprocessing = 0;
		};
		7F0F9F582D18AB6A00AAE312 /* Resources */ = {
			isa = PBXResourcesBuildPhase;
			buildActionMask = 2147483647;
			files = (
			);
			runOnlyForDeploymentPostprocessing = 0;
		};
/* End PBXResourcesBuildPhase section */

/* Begin PBXSourcesBuildPhase section */
		7F0F9F3C2D18AB6800AAE312 /* Sources */ = {
			isa = PBXSourcesBuildPhase;
			buildActionMask = 2147483647;
			files = (
			);
			runOnlyForDeploymentPostprocessing = 0;
		};
		7F0F9F4C2D18AB6A00AAE312 /* Sources */ = {
			isa = PBXSourcesBuildPhase;
			buildActionMask = 2147483647;
			files = (
			);
			runOnlyForDeploymentPostprocessing = 0;
		};
		7F0F9F562D18AB6A00AAE312 /* Sources */ = {
			isa = PBXSourcesBuildPhase;
			buildActionMask = 2147483647;
			files = (
			);
			runOnlyForDeploymentPostprocessing = 0;
		};
/* End PBXSourcesBuildPhase section */

/* Begin PBXTargetDependency section */
		7F0F9F522D18AB6A00AAE312 /* PBXTargetDependency */ = {
			isa = PBXTargetDependency;
			target = 7F0F9F3F2D18AB6800AAE312 /* ReceiptVault */;
			targetProxy = 7F0F9F512D18AB6A00AAE312 /* PBXContainerItemProxy */;
		};
		7F0F9F5C2D18AB6A00AAE312 /* PBXTargetDependency */ = {
			isa = PBXTargetDependency;
			target = 7F0F9F3F2D18AB6800AAE312 /* ReceiptVault */;
			targetProxy = 7F0F9F5B2D18AB6A00AAE312 /* PBXContainerItemProxy */;
		};
/* End PBXTargetDependency section */

/* Begin XCBuildConfiguration section */
		7F0F9F622D18AB6A00AAE312 /* Debug */ = {
			isa = XCBuildConfiguration;
			buildSettings = {
				ALWAYS_SEARCH_USER_PATHS = NO;
				ASSETCATALOG_COMPILER_GENERATE_SWIFT_ASSET_SYMBOL_EXTENSIONS = YES;
				CLANG_ANALYZER_NONNULL = YES;
				CLANG_ANALYZER_NUMBER_OBJECT_CONVERSION = YES_AGGRESSIVE;
				CLANG_CXX_LANGUAGE_STANDARD = "gnu++20";
				CLANG_ENABLE_MODULES = YES;
				CLANG_ENABLE_OBJC_ARC = YES;
				CLANG_ENABLE_OBJC_WEAK = YES;
				CLANG_WARN_BLOCK_CAPTURE_AUTORELEASING = YES;
				CLANG_WARN_BOOL_CONVERSION = YES;
				CLANG_WARN_COMMA = YES;
				CLANG_WARN_CONSTANT_CONVERSION = YES;
				CLANG_WARN_DEPRECATED_OBJC_IMPLEMENTATIONS = YES;
				CLANG_WARN_DIRECT_OBJC_ISA_USAGE = YES_ERROR;
				CLANG_WARN_DOCUMENTATION_COMMENTS = YES;
				CLANG_WARN_EMPTY_BODY = YES;
				CLANG_WARN_ENUM_CONVERSION = YES;
				CLANG_WARN_INFINITE_RECURSION = YES;
				CLANG_WARN_INT_CONVERSION = YES;
				CLANG_WARN_NON_LITERAL_NULL_CONVERSION = YES;
				CLANG_WARN_OBJC_IMPLICIT_RETAIN_SELF = YES;
				CLANG_WARN_OBJC_LITERAL_CONVERSION = YES;
				CLANG_WARN_OBJC_ROOT_CLASS = YES_ERROR;
				CLANG_WARN_QUOTED_INCLUDE_IN_FRAMEWORK_HEADER = YES;
				CLANG_WARN_RANGE_LOOP_ANALYSIS = YES;
				CLANG_WARN_STRICT_PROTOTYPES = YES;
				CLANG_WARN_SUSPICIOUS_MOVE = YES;
				CLANG_WARN_UNGUARDED_AVAILABILITY = YES_AGGRESSIVE;
				CLANG_WARN_UNREACHABLE_CODE = YES;
				CLANG_WARN__DUPLICATE_METHOD_MATCH = YES;
				COPY_PHASE_STRIP = NO;
				DEBUG_INFORMATION_FORMAT = dwarf;
				ENABLE_STRICT_OBJC_MSGSEND = YES;
				ENABLE_TESTABILITY = YES;
				ENABLE_USER_SCRIPT_SANDBOXING = YES;
				GCC_C_LANGUAGE_STANDARD = gnu17;
				GCC_DYNAMIC_NO_PIC = NO;
				GCC_NO_COMMON_BLOCKS = YES;
				GCC_OPTIMIZATION_LEVEL = 0;
				GCC_PREPROCESSOR_DEFINITIONS = (
					"DEBUG=1",
					"$(inherited)",
				);
				GCC_WARN_64_TO_32_BIT_CONVERSION = YES;
				GCC_WARN_ABOUT_RETURN_TYPE = YES_ERROR;
				GCC_WARN_UNDECLARED_SELECTOR = YES;
				GCC_WARN_UNINITIALIZED_AUTOS = YES_AGGRESSIVE;
				GCC_WARN_UNUSED_FUNCTION = YES;
				GCC_WARN_UNUSED_VARIABLE = YES;
				IPHONEOS_DEPLOYMENT_TARGET = 18.0;
				LOCALIZATION_PREFERS_STRING_CATALOGS = YES;
				MTL_ENABLE_DEBUG_INFO = INCLUDE_SOURCE;
				MTL_FAST_MATH = YES;
				ONLY_ACTIVE_ARCH = YES;
				SDKROOT = iphoneos;
				SWIFT_ACTIVE_COMPILATION_CONDITIONS = "DEBUG $(inherited)";
				SWIFT_OPTIMIZATION_LEVEL = "-Onone";
			};
			name = Debug;
		};
		7F0F9F632D18AB6A00AAE312 /* Release */ = {
			isa = XCBuildConfiguration;
			buildSettings = {
				ALWAYS_SEARCH_USER_PATHS = NO;
				ASSETCATALOG_COMPILER_GENERATE_SWIFT_ASSET_SYMBOL_EXTENSIONS = YES;
				CLANG_ANALYZER_NONNULL = YES;
				CLANG_ANALYZER_NUMBER_OBJECT_CONVERSION = YES_AGGRESSIVE;
				CLANG_CXX_LANGUAGE_STANDARD = "gnu++20";
				CLANG_ENABLE_MODULES = YES;
				CLANG_ENABLE_OBJC_ARC = YES;
				CLANG_ENABLE_OBJC_WEAK = YES;
				CLANG_WARN_BLOCK_CAPTURE_AUTORELEASING = YES;
				CLANG_WARN_BOOL_CONVERSION = YES;
				CLANG_WARN_COMMA = YES;
				CLANG_WARN_CONSTANT_CONVERSION = YES;
				CLANG_WARN_DEPRECATED_OBJC_IMPLEMENTATIONS = YES;
				CLANG_WARN_DIRECT_OBJC_ISA_USAGE = YES_ERROR;
				CLANG_WARN_DOCUMENTATION_COMMENTS = YES;
				CLANG_WARN_EMPTY_BODY = YES;
				CLANG_WARN_ENUM_CONVERSION = YES;
				CLANG_WARN_INFINITE_RECURSION = YES;
				CLANG_WARN_INT_CONVERSION = YES;
				CLANG_WARN_NON_LITERAL_NULL_CONVERSION = YES;
				CLANG_WARN_OBJC_IMPLICIT_RETAIN_SELF = YES;
				CLANG_WARN_OBJC_LITERAL_CONVERSION = YES;
				CLANG_WARN_OBJC_ROOT_CLASS = YES_ERROR;
				CLANG_WARN_QUOTED_INCLUDE_IN_FRAMEWORK_HEADER = YES;
				CLANG_WARN_RANGE_LOOP_ANALYSIS = YES;
				CLANG_WARN_STRICT_PROTOTYPES = YES;
				CLANG_WARN_SUSPICIOUS_MOVE = YES;
				CLANG_WARN_UNGUARDED_AVAILABILITY = YES_AGGRESSIVE;
				CLANG_WARN_UNREACHABLE_CODE = YES;
				CLANG_WARN__DUPLICATE_METHOD_MATCH = YES;
				COPY_PHASE_STRIP = NO;
				DEBUG_INFORMATION_FORMAT = "dwarf-with-dsym";
				ENABLE_NS_ASSERTIONS = NO;
				ENABLE_STRICT_OBJC_MSGSEND = YES;
				ENABLE_USER_SCRIPT_SANDBOXING = YES;
				GCC_C_LANGUAGE_STANDARD = gnu17;
				GCC_NO_COMMON_BLOCKS = YES;
				GCC_WARN_64_TO_32_BIT_CONVERSION = YES;
				GCC_WARN_ABOUT_RETURN_TYPE = YES_ERROR;
				GCC_WARN_UNDECLARED_SELECTOR = YES;
				GCC_WARN_UNINITIALIZED_AUTOS = YES_AGGRESSIVE;
				GCC_WARN_UNUSED_FUNCTION = YES;
				GCC_WARN_UNUSED_VARIABLE = YES;
				IPHONEOS_DEPLOYMENT_TARGET = 18.0;
				LOCALIZATION_PREFERS_STRING_CATALOGS = YES;
				MTL_ENABLE_DEBUG_INFO = NO;
				MTL_FAST_MATH = YES;
				SDKROOT = iphoneos;
				SWIFT_COMPILATION_MODE = wholemodule;
				VALIDATE_PRODUCT = YES;
			};
			name = Release;
		};
		7F0F9F652D18AB6A00AAE312 /* Debug */ = {
			isa = XCBuildConfiguration;
			buildSettings = {
				ASSETCATALOG_COMPILER_APPICON_NAME = AppIcon;
				ASSETCATALOG_COMPILER_GLOBAL_ACCENT_COLOR_NAME = AccentColor;
				CODE_SIGN_STYLE = Automatic;
				CURRENT_PROJECT_VERSION = 1;
				DEVELOPMENT_ASSET_PATHS = "\"ReceiptVault/Preview Content\"";
				DEVELOPMENT_TEAM = HBAKSUY3C9;
				ENABLE_PREVIEWS = YES;
				GENERATE_INFOPLIST_FILE = YES;
				INFOPLIST_FILE = ReceiptVault/Info.plist;
				INFOPLIST_KEY_NSCameraUsageDescription = "ReceiptVault needs camera access to capture receipt images";
				INFOPLIST_KEY_UIApplicationSceneManifest_Generation = YES;
				INFOPLIST_KEY_UIApplicationSupportsIndirectInputEvents = YES;
				INFOPLIST_KEY_UILaunchScreen_Generation = YES;
				INFOPLIST_KEY_UISupportedInterfaceOrientations_iPad = "UIInterfaceOrientationPortrait UIInterfaceOrientationPortraitUpsideDown UIInterfaceOrientationLandscapeLeft UIInterfaceOrientationLandscapeRight";
				INFOPLIST_KEY_UISupportedInterfaceOrientations_iPhone = "UIInterfaceOrientationPortrait UIInterfaceOrientationLandscapeLeft UIInterfaceOrientationLandscapeRight";
				IPHONEOS_DEPLOYMENT_TARGET = 14.0;
				LD_RUNPATH_SEARCH_PATHS = (
					"$(inherited)",
					"@executable_path/Frameworks",
				);
				MARKETING_VERSION = 1.0;
				PRODUCT_BUNDLE_IDENTIFIER = com.jbenlang.ReceiptVault;
				PRODUCT_NAME = "$(TARGET_NAME)";
				SWIFT_EMIT_LOC_STRINGS = YES;
				SWIFT_VERSION = 5.0;
				TARGETED_DEVICE_FAMILY = "1,2";
			};
			name = Debug;
		};
		7F0F9F662D18AB6A00AAE312 /* Release */ = {
			isa = XCBuildConfiguration;
			buildSettings = {
				ASSETCATALOG_COMPILER_APPICON_NAME = AppIcon;
				ASSETCATALOG_COMPILER_GLOBAL_ACCENT_COLOR_NAME = AccentColor;
				CODE_SIGN_STYLE = Automatic;
				CURRENT_PROJECT_VERSION = 1;
				DEVELOPMENT_ASSET_PATHS = "\"ReceiptVault/Preview Content\"";
				DEVELOPMENT_TEAM = HBAKSUY3C9;
				ENABLE_PREVIEWS = YES;
				GENERATE_INFOPLIST_FILE = YES;
				INFOPLIST_FILE = ReceiptVault/Info.plist;
				INFOPLIST_KEY_NSCameraUsageDescription = "ReceiptVault needs camera access to capture receipt images";
				INFOPLIST_KEY_UIApplicationSceneManifest_Generation = YES;
				INFOPLIST_KEY_UIApplicationSupportsIndirectInputEvents = YES;
				INFOPLIST_KEY_UILaunchScreen_Generation = YES;
				INFOPLIST_KEY_UISupportedInterfaceOrientations_iPad = "UIInterfaceOrientationPortrait UIInterfaceOrientationPortraitUpsideDown UIInterfaceOrientationLandscapeLeft UIInterfaceOrientationLandscapeRight";
				INFOPLIST_KEY_UISupportedInterfaceOrientations_iPhone = "UIInterfaceOrientationPortrait UIInterfaceOrientationLandscapeLeft UIInterfaceOrientationLandscapeRight";
				IPHONEOS_DEPLOYMENT_TARGET = 14.0;
				LD_RUNPATH_SEARCH_PATHS = (
					"$(inherited)",
					"@executable_path/Frameworks",
				);
				MARKETING_VERSION = 1.0;
				PRODUCT_BUNDLE_IDENTIFIER = com.jbenlang.ReceiptVault;
				PRODUCT_NAME = "$(TARGET_NAME)";
				SWIFT_EMIT_LOC_STRINGS = YES;
				SWIFT_VERSION = 5.0;
				TARGETED_DEVICE_FAMILY = "1,2";
			};
			name = Release;
		};
		7F0F9F682D18AB6A00AAE312 /* Debug */ = {
			isa = XCBuildConfiguration;
			buildSettings = {
				BUNDLE_LOADER = "$(TEST_HOST)";
				CODE_SIGN_STYLE = Automatic;
				CURRENT_PROJECT_VERSION = 1;
				DEVELOPMENT_TEAM = HBAKSUY3C9;
				GENERATE_INFOPLIST_FILE = YES;
				IPHONEOS_DEPLOYMENT_TARGET = 18.0;
				MARKETING_VERSION = 1.0;
				PRODUCT_BUNDLE_IDENTIFIER = com.jbenlang.ReceiptVaultTests;
				PRODUCT_NAME = "$(TARGET_NAME)";
				SWIFT_EMIT_LOC_STRINGS = NO;
				SWIFT_VERSION = 5.0;
				TARGETED_DEVICE_FAMILY = "1,2";
				TEST_HOST = "$(BUILT_PRODUCTS_DIR)/ReceiptVault.app/$(BUNDLE_EXECUTABLE_FOLDER_PATH)/ReceiptVault";
			};
			name = Debug;
		};
		7F0F9F692D18AB6A00AAE312 /* Release */ = {
			isa = XCBuildConfiguration;
			buildSettings = {
				BUNDLE_LOADER = "$(TEST_HOST)";
				CODE_SIGN_STYLE = Automatic;
				CURRENT_PROJECT_VERSION = 1;
				DEVELOPMENT_TEAM = HBAKSUY3C9;
				GENERATE_INFOPLIST_FILE = YES;
				IPHONEOS_DEPLOYMENT_TARGET = 18.0;
				MARKETING_VERSION = 1.0;
				PRODUCT_BUNDLE_IDENTIFIER = com.jbenlang.ReceiptVaultTests;
				PRODUCT_NAME = "$(TARGET_NAME)";
				SWIFT_EMIT_LOC_STRINGS = NO;
				SWIFT_VERSION = 5.0;
				TARGETED_DEVICE_FAMILY = "1,2";
				TEST_HOST = "$(BUILT_PRODUCTS_DIR)/ReceiptVault.app/$(BUNDLE_EXECUTABLE_FOLDER_PATH)/ReceiptVault";
			};
			name = Release;
		};
		7F0F9F6B2D18AB6A00AAE312 /* Debug */ = {
			isa = XCBuildConfiguration;
			buildSettings = {
				CODE_SIGN_STYLE = Automatic;
				CURRENT_PROJECT_VERSION = 1;
				DEVELOPMENT_TEAM = HBAKSUY3C9;
				GENERATE_INFOPLIST_FILE = YES;
				MARKETING_VERSION = 1.0;
				PRODUCT_BUNDLE_IDENTIFIER = com.jbenlang.ReceiptVaultUITests;
				PRODUCT_NAME = "$(TARGET_NAME)";
				SWIFT_EMIT_LOC_STRINGS = NO;
				SWIFT_VERSION = 5.0;
				TARGETED_DEVICE_FAMILY = "1,2";
				TEST_TARGET_NAME = ReceiptVault;
			};
			name = Debug;
		};
		7F0F9F6C2D18AB6A00AAE312 /* Release */ = {
			isa = XCBuildConfiguration;
			buildSettings = {
				CODE_SIGN_STYLE = Automatic;
				CURRENT_PROJECT_VERSION = 1;
				DEVELOPMENT_TEAM = HBAKSUY3C9;
				GENERATE_INFOPLIST_FILE = YES;
				MARKETING_VERSION = 1.0;
				PRODUCT_BUNDLE_IDENTIFIER = com.jbenlang.ReceiptVaultUITests;
				PRODUCT_NAME = "$(TARGET_NAME)";
				SWIFT_EMIT_LOC_STRINGS = NO;
				SWIFT_VERSION = 5.0;
				TARGETED_DEVICE_FAMILY = "1,2";
				TEST_TARGET_NAME = ReceiptVault;
			};
			name = Release;
		};
/* End XCBuildConfiguration section */

/* Begin XCConfigurationList section */
		7F0F9F3B2D18AB6800AAE312 /* Build configuration list for PBXProject "ReceiptVault" */ = {
			isa = XCConfigurationList;
			buildConfigurations = (
				7F0F9F622D18AB6A00AAE312 /* Debug */,
				7F0F9F632D18AB6A00AAE312 /* Release */,
			);
			defaultConfigurationIsVisible = 0;
			defaultConfigurationName = Release;
		};
		7F0F9F642D18AB6A00AAE312 /* Build configuration list for PBXNativeTarget "ReceiptVault" */ = {
			isa = XCConfigurationList;
			buildConfigurations = (
				7F0F9F652D18AB6A00AAE312 /* Debug */,
				7F0F9F662D18AB6A00AAE312 /* Release */,
			);
			defaultConfigurationIsVisible = 0;
			defaultConfigurationName = Release;
		};
		7F0F9F672D18AB6A00AAE312 /* Build configuration list for PBXNativeTarget "ReceiptVaultTests" */ = {
			isa = XCConfigurationList;
			buildConfigurations = (
				7F0F9F682D18AB6A00AAE312 /* Debug */,
				7F0F9F692D18AB6A00AAE312 /* Release */,
			);
			defaultConfigurationIsVisible = 0;
			defaultConfigurationName = Release;
		};
		7F0F9F6A2D18AB6A00AAE312 /* Build configuration list for PBXNativeTarget "ReceiptVaultUITests" */ = {
			isa = XCConfigurationList;
			buildConfigurations = (
				7F0F9F6B2D18AB6A00AAE312 /* Debug */,
				7F0F9F6C2D18AB6A00AAE312 /* Release */,
			);
			defaultConfigurationIsVisible = 0;
			defaultConfigurationName = Release;
		};
/* End XCConfigurationList section */

/* Begin XCLocalSwiftPackageReference section */
		7F088AED2D1AB23E00503AA6 /* XCLocalSwiftPackageReference "../GoogleDependencies/GoogleSignIn-iOS" */ = {
			isa = XCLocalSwiftPackageReference;
			relativePath = "../GoogleDependencies/GoogleSignIn-iOS";
		};
		7F088AF22D1AB28C00503AA6 /* XCLocalSwiftPackageReference "../GoogleDependencies/google-api-objectivec-client-for-rest" */ = {
			isa = XCLocalSwiftPackageReference;
			relativePath = "../GoogleDependencies/google-api-objectivec-client-for-rest";
		};
/* End XCLocalSwiftPackageReference section */

/* Begin XCRemoteSwiftPackageReference section */
		7F5899222D196A4200A8F9E3 /* XCRemoteSwiftPackageReference "swift-algorithms" */ = {
			isa = XCRemoteSwiftPackageReference;
			repositoryURL = "https://github.com/apple/swift-algorithms.git";
			requirement = {
				kind = upToNextMajorVersion;
				minimumVersion = 1.2.0;
			};
		};
		7F5899232D196C2300A8F9E3 /* XCRemoteSwiftPackageReference "GoogleSignIn-iOS" */ = {
			isa = XCRemoteSwiftPackageReference;
			repositoryURL = "https://github.com/google/GoogleSignIn-iOS.git";
			requirement = {
				kind = upToNextMajorVersion;
				minimumVersion = 8.0.0;
			};
		};
		7F62338D2D19C8E9005BF1FC /* XCRemoteSwiftPackageReference "GoogleSignIn-iOS" */ = {
			isa = XCRemoteSwiftPackageReference;
			repositoryURL = "https://github.com/google/GoogleSignIn-iOS.git";
			requirement = {
				kind = upToNextMajorVersion;
				minimumVersion = 8.0.0;
			};
		};
		7FDA3DAC2D19C7B20038BF7C /* XCRemoteSwiftPackageReference "GoogleSignIn-iOS" */ = {
			isa = XCRemoteSwiftPackageReference;
			repositoryURL = "https://github.com/google/GoogleSignIn-iOS.git";
			requirement = {
				kind = upToNextMajorVersion;
				minimumVersion = 8.0.0;
			};
		};
/* End XCRemoteSwiftPackageReference section */

/* Begin XCSwiftPackageProductDependency section */
		7F088AEE2D1AB23E00503AA6 /* GoogleSignIn */ = {
			isa = XCSwiftPackageProductDependency;
			productName = GoogleSignIn;
		};
		7F088AF02D1AB23E00503AA6 /* GoogleSignInSwift */ = {
			isa = XCSwiftPackageProductDependency;
			productName = GoogleSignInSwift;
		};
		7F088AF32D1AB28C00503AA6 /* GoogleAPIClientForREST_Drive */ = {
			isa = XCSwiftPackageProductDependency;
			productName = GoogleAPIClientForREST_Drive;
		};
		7F088AF52D1AB28C00503AA6 /* GoogleAPIClientForREST_Sheets */ = {
			isa = XCSwiftPackageProductDependency;
			productName = GoogleAPIClientForREST_Sheets;
		};
		7F5899242D196C2300A8F9E3 /* GoogleSignIn */ = {
			isa = XCSwiftPackageProductDependency;
			package = 7F5899232D196C2300A8F9E3 /* XCRemoteSwiftPackageReference "GoogleSignIn-iOS" */;
			productName = GoogleSignIn;
		};
		7F5899262D196C2300A8F9E3 /* GoogleSignInSwift */ = {
			isa = XCSwiftPackageProductDependency;
			package = 7F5899232D196C2300A8F9E3 /* XCRemoteSwiftPackageReference "GoogleSignIn-iOS" */;
			productName = GoogleSignInSwift;
		};
		7F62338E2D19C8E9005BF1FC /* GoogleSignIn */ = {
			isa = XCSwiftPackageProductDependency;
			package = 7F62338D2D19C8E9005BF1FC /* XCRemoteSwiftPackageReference "GoogleSignIn-iOS" */;
			productName = GoogleSignIn;
		};
		7F6233902D19C8E9005BF1FC /* GoogleSignInSwift */ = {
			isa = XCSwiftPackageProductDependency;
			package = 7F62338D2D19C8E9005BF1FC /* XCRemoteSwiftPackageReference "GoogleSignIn-iOS" */;
			productName = GoogleSignInSwift;
		};
		7FDA3DAD2D19C7B20038BF7C /* GoogleSignIn */ = {
			isa = XCSwiftPackageProductDependency;
			package = 7FDA3DAC2D19C7B20038BF7C /* XCRemoteSwiftPackageReference "GoogleSignIn-iOS" */;
			productName = GoogleSignIn;
		};
		7FDA3DAF2D19C7B20038BF7C /* GoogleSignInSwift */ = {
			isa = XCSwiftPackageProductDependency;
			package = 7FDA3DAC2D19C7B20038BF7C /* XCRemoteSwiftPackageReference "GoogleSignIn-iOS" */;
			productName = GoogleSignInSwift;
		};
/* End XCSwiftPackageProductDependency section */
	};
	rootObject = 7F0F9F382D18AB6800AAE312 /* Project object */;
}
